<?xml version="1.0" encoding="utf-8"?>
<Project ToolsVersion="4.0" xmlns="http://schemas.microsoft.com/developer/msbuild/2003">
  <ItemGroup>
    <Filter Include="Source Files">
      <UniqueIdentifier>{4FC737F1-C7A5-4376-A066-2A32D752A2FF}</UniqueIdentifier>
      <Extensions>cpp;c;cc;cxx;c++;cppm;ixx;def;odl;idl;hpj;bat;asm;asmx</Extensions>
    </Filter>
    <Filter Include="Header Files">
      <UniqueIdentifier>{93995380-89BD-4b04-88EB-625FBE52EBFB}</UniqueIdentifier>
      <Extensions>h;hh;hpp;hxx;h++;hm;inl;inc;ipp;xsd</Extensions>
    </Filter>
    <Filter Include="Resource Files">
      <UniqueIdentifier>{67DA6AB6-F800-4c08-8B7A-83BB121AAD01}</UniqueIdentifier>
      <Extensions>rc;ico;cur;bmp;dlg;rc2;rct;bin;rgs;gif;jpg;jpeg;jpe;resx;tiff;tif;png;wav;mfcribbon-ms</Extensions>
    </Filter>
    <Filter Include="Header Files\go_main">
      <UniqueIdentifier>{68624fd8-c2d0-4afc-a88e-ea00b65fa79b}</UniqueIdentifier>
    </Filter>
    <Filter Include="Header Files\primitive">
      <UniqueIdentifier>{39125ce2-5e9e-4cb6-aa4a-1ff247d15a66}</UniqueIdentifier>
    </Filter>
    <Filter Include="Header Files\stb">
      <UniqueIdentifier>{b12b612a-5d1f-4bca-87d4-61823c6da684}</UniqueIdentifier>
    </Filter>
    <Filter Include="Header Files\cli">
      <UniqueIdentifier>{ad557839-c6a9-43e0-8bae-562b38619354}</UniqueIdentifier>
    </Filter>
    <Filter Include="Header Files\node">
      <UniqueIdentifier>{7365582d-2cd3-4eef-b150-ac3044b5640b}</UniqueIdentifier>
    </Filter>
  </ItemGroup>
  <ItemGroup>
    <ClCompile Include="main.cpp">
      <Filter>Source Files</Filter>
    </ClCompile>
    <ClCompile Include="borst_object.cpp">
      <Filter>Source Files</Filter>
    </ClCompile>
  </ItemGroup>
  <ItemGroup>
    <ClInclude Include="stb\stb_image.h">
      <Filter>Header Files\stb</Filter>
    </ClInclude>
    <ClInclude Include="stb\stb_image_write.h">
      <Filter>Header Files\stb</Filter>
    </ClInclude>
    <ClInclude Include="recode\util.h">
      <Filter>Header Files\primitive</Filter>
    </ClInclude>
    <ClInclude Include="recode\core.h">
      <Filter>Header Files\primitive</Filter>
    </ClInclude>
    <ClInclude Include="recode\optimize.h">
      <Filter>Header Files\primitive</Filter>
    </ClInclude>
    <ClInclude Include="recode\rand.h">
      <Filter>Header Files\primitive</Filter>
    </ClInclude>
    <ClInclude Include="recode\state.h">
      <Filter>Header Files\primitive</Filter>
    </ClInclude>
    <ClInclude Include="recode\worker.h">
      <Filter>Header Files\primitive</Filter>
    </ClInclude>
    <ClInclude Include="recode\model.h">
      <Filter>Header Files\primitive</Filter>
    </ClInclude>
    <ClInclude Include="recode\go_main.h">
      <Filter>Header Files\go_main</Filter>
    </ClInclude>
    <ClInclude Include="recode\all.h">
      <Filter>Header Files\primitive</Filter>
    </ClInclude>
    <ClInclude Include="recode\worker_func.h">
      <Filter>Header Files\primitive</Filter>
    </ClInclude>
    <ClInclude Include="recode\circle.h">
      <Filter>Header Files\primitive</Filter>
    </ClInclude>
    <ClInclude Include="recode\bundle.h">
      <Filter>Header Files\primitive</Filter>
    </ClInclude>
    <ClInclude Include="utils.h">
      <Filter>Header Files</Filter>
    </ClInclude>
    <ClInclude Include="exporting.h">
      <Filter>Header Files\cli</Filter>
    </ClInclude>
    <ClInclude Include="borst_object.h">
      <Filter>Header Files\node</Filter>
    </ClInclude>
  </ItemGroup>
</Project>